
Microsoft Visual Studio Solution File, Format Version 12.00
# Visual Studio 15
VisualStudioVersion = 15.0.28010.2036
MinimumVisualStudioVersion = 10.0.40219.1
Project("{FAE04EC0-301F-11D3-BF4B-00C04F79EFBC}") = "Aula 2", "Aula 2\Aula 2.csproj", "{AB595C37-B64A-4D24-96F6-45690060E6FA}"
EndProject
Global
	GlobalSection(SolutionConfigurationPlatforms) = preSolution
		Debug|Any CPU = Debug|Any CPU
		Release|Any CPU = Release|Any CPU
	EndGlobalSection
	GlobalSection(ProjectConfigurationPlatforms) = postSolution
		{AB595C37-B64A-4D24-96F6-45690060E6FA}.Debug|Any CPU.ActiveCfg = Debug|Any CPU
		{AB595C37-B64A-4D24-96F6-45690060E6FA}.Debug|Any CPU.Build.0 = Debug|Any CPU
		{AB595C37-B64A-4D24-96F6-45690060E6FA}.Release|Any CPU.ActiveCfg = Release|Any CPU
		{AB595C37-B64A-4D24-96F6-45690060E6FA}.Release|Any CPU.Build.0 = Release|Any CPU
	EndGlobalSection
	GlobalSection(SolutionProperties) = preSolution
		HideSolutionNode = FALSE
	EndGlobalSection
	GlobalSection(ExtensibilityGlobals) = postSolution
		SolutionGuid = {9B16C58E-6154-4171-AFCA-7D897CDCD037}
	EndGlobalSection
EndGlobal
